// !$*UTF8*$!
{
	archiveVersion = 1;
	classes = {
	};
	objectVersion = 46;
	objects = {

/* Begin PBXBuildFile section */
		961E6AE61ABFA91700F4EF9D /* main.m in Sources */ = {isa = PBXBuildFile; fileRef = 961E6AE51ABFA91700F4EF9D /* main.m */; };
		961E6AE91ABFA91700F4EF9D /* AppDelegate.m in Sources */ = {isa = PBXBuildFile; fileRef = 961E6AE81ABFA91700F4EF9D /* AppDelegate.m */; };
		961E6AEC1ABFA91700F4EF9D /* ViewController.m in Sources */ = {isa = PBXBuildFile; fileRef = 961E6AEB1ABFA91700F4EF9D /* ViewController.m */; };
		961E6AEF1ABFA91700F4EF9D /* Main.storyboard in Resources */ = {isa = PBXBuildFile; fileRef = 961E6AED1ABFA91700F4EF9D /* Main.storyboard */; };
		961E6AF11ABFA91700F4EF9D /* Images.xcassets in Resources */ = {isa = PBXBuildFile; fileRef = 961E6AF01ABFA91700F4EF9D /* Images.xcassets */; };
		961E6AF41ABFA91700F4EF9D /* LaunchScreen.xib in Resources */ = {isa = PBXBuildFile; fileRef = 961E6AF21ABFA91700F4EF9D /* LaunchScreen.xib */; };
		961E6B131ABFAB1300F4EF9D /* DFShowViewController.m in Sources */ = {isa = PBXBuildFile; fileRef = 961E6B111ABFAB1300F4EF9D /* DFShowViewController.m */; };
		961E6B551ABFCF6B00F4EF9D /* Foundation.framework in Frameworks */ = {isa = PBXBuildFile; fileRef = 961E6B541ABFCF6B00F4EF9D /* Foundation.framework */; };
		961E6B571ABFCF7100F4EF9D /* UIKit.framework in Frameworks */ = {isa = PBXBuildFile; fileRef = 961E6B561ABFCF7100F4EF9D /* UIKit.framework */; };
		961E6B5F1ABFD0C300F4EF9D /* ExamSimpleSdk.framework in Frameworks */ = {isa = PBXBuildFile; fileRef = 961E6B5E1ABFD0C300F4EF9D /* ExamSimpleSdk.framework */; };
		96BAEA3A1AEBEA9200A02C30 /* IlibResource.bundle in Resources */ = {isa = PBXBuildFile; fileRef = 96BAEA391AEBEA9200A02C30 /* IlibResource.bundle */; };
		96E486821B7B5E6C00D234AB /* twttr-icn-logo.png in Resources */ = {isa = PBXBuildFile; fileRef = 96E4867F1B7B5E6C00D234AB /* twttr-icn-logo.png */; };
		96E486831B7B5E6C00D234AB /* twttr-icn-logo@2x.png in Resources */ = {isa = PBXBuildFile; fileRef = 96E486801B7B5E6C00D234AB /* twttr-icn-logo@2x.png */; };
		96E514AF1B7C325A0093CB00 /* twttr-icn-logo@3x.png in Resources */ = {isa = PBXBuildFile; fileRef = 96E514AE1B7C325A0093CB00 /* twttr-icn-logo@3x.png */; };
/* End PBXBuildFile section */

/* Begin PBXFileReference section */
		961E6AE01ABFA91700F4EF9D /* ExamDemo.app */ = {isa = PBXFileReference; explicitFileType = wrapper.application; includeInIndex = 0; path = ExamDemo.app; sourceTree = BUILT_PRODUCTS_DIR; };
		961E6AE41ABFA91700F4EF9D /* Info.plist */ = {isa = PBXFileReference; lastKnownFileType = text.plist.xml; path = Info.plist; sourceTree = "<group>"; };
		961E6AE51ABFA91700F4EF9D /* main.m */ = {isa = PBXFileReference; lastKnownFileType = sourcecode.c.objc; path = main.m; sourceTree = "<group>"; };
		961E6AE71ABFA91700F4EF9D /* AppDelegate.h */ = {isa = PBXFileReference; lastKnownFileType = sourcecode.c.h; path = AppDelegate.h; sourceTree = "<group>"; };
		961E6AE81ABFA91700F4EF9D /* AppDelegate.m */ = {isa = PBXFileReference; lastKnownFileType = sourcecode.c.objc; path = AppDelegate.m; sourceTree = "<group>"; };
		961E6AEA1ABFA91700F4EF9D /* ViewController.h */ = {isa = PBXFileReference; lastKnownFileType = sourcecode.c.h; path = ViewController.h; sourceTree = "<group>"; };
		961E6AEB1ABFA91700F4EF9D /* ViewController.m */ = {isa = PBXFileReference; lastKnownFileType = sourcecode.c.objc; path = ViewController.m; sourceTree = "<group>"; };
		961E6AEE1ABFA91700F4EF9D /* Base */ = {isa = PBXFileReference; lastKnownFileType = file.storyboard; name = Base; path = Base.lproj/Main.storyboard; sourceTree = "<group>"; };
		961E6AF01ABFA91700F4EF9D /* Images.xcassets */ = {isa = PBXFileReference; lastKnownFileType = folder.assetcatalog; path = Images.xcassets; sourceTree = "<group>"; };
		961E6AF31ABFA91700F4EF9D /* Base */ = {isa = PBXFileReference; lastKnownFileType = file.xib; name = Base; path = Base.lproj/LaunchScreen.xib; sourceTree = "<group>"; };
		961E6B101ABFAB1300F4EF9D /* DFShowViewController.h */ = {isa = PBXFileReference; fileEncoding = 4; lastKnownFileType = sourcecode.c.h; path = DFShowViewController.h; sourceTree = "<group>"; };
		961E6B111ABFAB1300F4EF9D /* DFShowViewController.m */ = {isa = PBXFileReference; fileEncoding = 4; lastKnownFileType = sourcecode.c.objc; path = DFShowViewController.m; sourceTree = "<group>"; };
		961E6B181ABFACE800F4EF9D /* Exam-Prefix.pch */ = {isa = PBXFileReference; lastKnownFileType = sourcecode.c.h; path = "Exam-Prefix.pch"; sourceTree = "<group>"; };
		961E6B541ABFCF6B00F4EF9D /* Foundation.framework */ = {isa = PBXFileReference; lastKnownFileType = wrapper.framework; name = Foundation.framework; path = System/Library/Frameworks/Foundation.framework; sourceTree = SDKROOT; };
		961E6B561ABFCF7100F4EF9D /* UIKit.framework */ = {isa = PBXFileReference; lastKnownFileType = wrapper.framework; name = UIKit.framework; path = System/Library/Frameworks/UIKit.framework; sourceTree = SDKROOT; };
		961E6B5E1ABFD0C300F4EF9D /* ExamSimpleSdk.framework */ = {isa = PBXFileReference; lastKnownFileType = wrapper.framework; path = ExamSimpleSdk.framework; sourceTree = "<group>"; };
		96BAEA391AEBEA9200A02C30 /* IlibResource.bundle */ = {isa = PBXFileReference; lastKnownFileType = "wrapper.plug-in"; name = IlibResource.bundle; path = ../../IlibResource.bundle; sourceTree = "<group>"; };
		96E4867F1B7B5E6C00D234AB /* twttr-icn-logo.png */ = {isa = PBXFileReference; lastKnownFileType = image.png; name = "twttr-icn-logo.png"; path = "Images/twttr-icn-logo.png"; sourceTree = "<group>"; };
		96E486801B7B5E6C00D234AB /* twttr-icn-logo@2x.png */ = {isa = PBXFileReference; lastKnownFileType = image.png; name = "twttr-icn-logo@2x.png"; path = "Images/twttr-icn-logo@2x.png"; sourceTree = "<group>"; };
		96E514AE1B7C325A0093CB00 /* twttr-icn-logo@3x.png */ = {isa = PBXFileReference; lastKnownFileType = image.png; name = "twttr-icn-logo@3x.png"; path = "Images/twttr-icn-logo@3x.png"; sourceTree = "<group>"; };
/* End PBXFileReference section */

/* Begin PBXFrameworksBuildPhase section */
		961E6ADD1ABFA91700F4EF9D /* Frameworks */ = {
			isa = PBXFrameworksBuildPhase;
			buildActionMask = 2147483647;
			files = (
				961E6B571ABFCF7100F4EF9D /* UIKit.framework in Frameworks */,
				961E6B5F1ABFD0C300F4EF9D /* ExamSimpleSdk.framework in Frameworks */,
				961E6B551ABFCF6B00F4EF9D /* Foundation.framework in Frameworks */,
			);
			runOnlyForDeploymentPostprocessing = 0;
		};
/* End PBXFrameworksBuildPhase section */

/* Begin PBXGroup section */
		961E6AD71ABFA91700F4EF9D = {
			isa = PBXGroup;
			children = (
				961E6B561ABFCF7100F4EF9D /* UIKit.framework */,
				961E6B541ABFCF6B00F4EF9D /* Foundation.framework */,
				961E6AE21ABFA91700F4EF9D /* ExamDemo */,
				961E6AE11ABFA91700F4EF9D /* Products */,
			);
			sourceTree = "<group>";
		};
		961E6AE11ABFA91700F4EF9D /* Products */ = {
			isa = PBXGroup;
			children = (
				961E6AE01ABFA91700F4EF9D /* ExamDemo.app */,
			);
			name = Products;
			sourceTree = "<group>";
		};
		961E6AE21ABFA91700F4EF9D /* ExamDemo */ = {
			isa = PBXGroup;
			children = (
				96BAEA391AEBEA9200A02C30 /* IlibResource.bundle */,
				961E6B5E1ABFD0C300F4EF9D /* ExamSimpleSdk.framework */,
				961E6AE71ABFA91700F4EF9D /* AppDelegate.h */,
				961E6AE81ABFA91700F4EF9D /* AppDelegate.m */,
				961E6AEA1ABFA91700F4EF9D /* ViewController.h */,
				961E6AEB1ABFA91700F4EF9D /* ViewController.m */,
				961E6AED1ABFA91700F4EF9D /* Main.storyboard */,
				961E6AF01ABFA91700F4EF9D /* Images.xcassets */,
				961E6AF21ABFA91700F4EF9D /* LaunchScreen.xib */,
				961E6AE31ABFA91700F4EF9D /* Supporting Files */,
				961E6B101ABFAB1300F4EF9D /* DFShowViewController.h */,
				961E6B111ABFAB1300F4EF9D /* DFShowViewController.m */,
				961E6B181ABFACE800F4EF9D /* Exam-Prefix.pch */,
			);
			path = ExamDemo;
			sourceTree = "<group>";
		};
		961E6AE31ABFA91700F4EF9D /* Supporting Files */ = {
			isa = PBXGroup;
			children = (
				96E4867F1B7B5E6C00D234AB /* twttr-icn-logo.png */,
				96E486801B7B5E6C00D234AB /* twttr-icn-logo@2x.png */,
				96E514AE1B7C325A0093CB00 /* twttr-icn-logo@3x.png */,
				961E6AE41ABFA91700F4EF9D /* Info.plist */,
				961E6AE51ABFA91700F4EF9D /* main.m */,
			);
			name = "Supporting Files";
			sourceTree = "<group>";
		};
/* End PBXGroup section */

/* Begin PBXNativeTarget section */
		961E6ADF1ABFA91700F4EF9D /* ExamDemo */ = {
			isa = PBXNativeTarget;
			buildConfigurationList = 961E6B031ABFA91700F4EF9D /* Build configuration list for PBXNativeTarget "ExamDemo" */;
			buildPhases = (
				961E6ADC1ABFA91700F4EF9D /* Sources */,
				961E6ADD1ABFA91700F4EF9D /* Frameworks */,
				961E6ADE1ABFA91700F4EF9D /* Resources */,
			);
			buildRules = (
			);
			dependencies = (
			);
			name = ExamDemo;
			productName = ExamDemo;
			productReference = 961E6AE01ABFA91700F4EF9D /* ExamDemo.app */;
			productType = "com.apple.product-type.application";
		};
/* End PBXNativeTarget section */

/* Begin PBXProject section */
		961E6AD81ABFA91700F4EF9D /* Project object */ = {
			isa = PBXProject;
			attributes = {
				LastUpgradeCheck = 0610;
				ORGANIZATIONNAME = "UQ Interactive";
				TargetAttributes = {
					961E6ADF1ABFA91700F4EF9D = {
						CreatedOnToolsVersion = 6.1.1;
					};
				};
			};
			buildConfigurationList = 961E6ADB1ABFA91700F4EF9D /* Build configuration list for PBXProject "ExamDemo" */;
			compatibilityVersion = "Xcode 3.2";
			developmentRegion = English;
			hasScannedForEncodings = 0;
			knownRegions = (
				English,
				en,
				Base,
			);
			mainGroup = 961E6AD71ABFA91700F4EF9D;
			productRefGroup = 961E6AE11ABFA91700F4EF9D /* Products */;
			projectDirPath = "";
			projectRoot = "";
			targets = (
				961E6ADF1ABFA91700F4EF9D /* ExamDemo */,
			);
		};
/* End PBXProject section */

/* Begin PBXResourcesBuildPhase section */
		961E6ADE1ABFA91700F4EF9D /* Resources */ = {
			isa = PBXResourcesBuildPhase;
			buildActionMask = 2147483647;
			files = (
				96E514AF1B7C325A0093CB00 /* twttr-icn-logo@3x.png in Resources */,
				96E486831B7B5E6C00D234AB /* twttr-icn-logo@2x.png in Resources */,
				961E6AEF1ABFA91700F4EF9D /* Main.storyboard in Resources */,
				961E6AF41ABFA91700F4EF9D /* LaunchScreen.xib in Resources */,
				961E6AF11ABFA91700F4EF9D /* Images.xcassets in Resources */,
				96E486821B7B5E6C00D234AB /* twttr-icn-logo.png in Resources */,
				96BAEA3A1AEBEA9200A02C30 /* IlibResource.bundle in Resources */,
			);
			runOnlyForDeploymentPostprocessing = 0;
		};
/* End PBXResourcesBuildPhase section */

/* Begin PBXSourcesBuildPhase section */
		961E6ADC1ABFA91700F4EF9D /* Sources */ = {
			isa = PBXSourcesBuildPhase;
			buildActionMask = 2147483647;
			files = (
				961E6AEC1ABFA91700F4EF9D /* ViewController.m in Sources */,
				961E6AE91ABFA91700F4EF9D /* AppDelegate.m in Sources */,
				961E6AE61ABFA91700F4EF9D /* main.m in Sources */,
				961E6B131ABFAB1300F4EF9D /* DFShowViewController.m in Sources */,
			);
			runOnlyForDeploymentPostprocessing = 0;
		};
/* End PBXSourcesBuildPhase section */

/* Begin PBXVariantGroup section */
		961E6AED1ABFA91700F4EF9D /* Main.storyboard */ = {
			isa = PBXVariantGroup;
			children = (
				961E6AEE1ABFA91700F4EF9D /* Base */,
			);
			name = Main.storyboard;
			sourceTree = "<group>";
		};
		961E6AF21ABFA91700F4EF9D /* LaunchScreen.xib */ = {
			isa = PBXVariantGroup;
			children = (
				961E6AF31ABFA91700F4EF9D /* Base */,
			);
			name = LaunchScreen.xib;
			sourceTree = "<group>";
		};
/* End PBXVariantGroup section */

/* Begin XCBuildConfiguration section */
		961E6B011ABFA91700F4EF9D /* Debug */ = {
			isa = XCBuildConfiguration;
			buildSettings = {
				ALWAYS_SEARCH_USER_PATHS = NO;
				CLANG_CXX_LANGUAGE_STANDARD = "gnu++0x";
				CLANG_CXX_LIBRARY = "libc++";
				CLANG_ENABLE_MODULES = YES;
				CLANG_ENABLE_OBJC_ARC = YES;
				CLANG_WARN_BOOL_CONVERSION = YES;
				CLANG_WARN_CONSTANT_CONVERSION = YES;
				CLANG_WARN_DIRECT_OBJC_ISA_USAGE = YES_ERROR;
				CLANG_WARN_EMPTY_BODY = YES;
				CLANG_WARN_ENUM_CONVERSION = YES;
				CLANG_WARN_INT_CONVERSION = YES;
				CLANG_WARN_OBJC_ROOT_CLASS = YES_ERROR;
				CLANG_WARN_UNREACHABLE_CODE = YES;
				CLANG_WARN__DUPLICATE_METHOD_MATCH = YES;
				"CODE_SIGN_IDENTITY[sdk=iphoneos*]" = "iPhone Developer";
				COPY_PHASE_STRIP = NO;
				ENABLE_STRICT_OBJC_MSGSEND = YES;
				GCC_C_LANGUAGE_STANDARD = gnu99;
				GCC_DYNAMIC_NO_PIC = NO;
				GCC_OPTIMIZATION_LEVEL = 0;
				GCC_PREPROCESSOR_DEFINITIONS = (
					"DEBUG=1",
					"$(inherited)",
				);
				GCC_SYMBOLS_PRIVATE_EXTERN = NO;
				GCC_WARN_64_TO_32_BIT_CONVERSION = YES;
				GCC_WARN_ABOUT_RETURN_TYPE = YES_ERROR;
				GCC_WARN_UNDECLARED_SELECTOR = YES;
				GCC_WARN_UNINITIALIZED_AUTOS = YES_AGGRESSIVE;
				GCC_WARN_UNUSED_FUNCTION = YES;
				GCC_WARN_UNUSED_VARIABLE = YES;
				IPHONEOS_DEPLOYMENT_TARGET = 8.1;
				MTL_ENABLE_DEBUG_INFO = YES;
				ONLY_ACTIVE_ARCH = YES;
				SDKROOT = iphoneos;
				TARGETED_DEVICE_FAMILY = "1,2";
			};
			name = Debug;
		};
		961E6B021ABFA91700F4EF9D /* Release */ = {
			isa = XCBuildConfiguration;
			buildSettings = {
				ALWAYS_SEARCH_USER_PATHS = NO;
				CLANG_CXX_LANGUAGE_STANDARD = "gnu++0x";
				CLANG_CXX_LIBRARY = "libc++";
				CLANG_ENABLE_MODULES = YES;
				CLANG_ENABLE_OBJC_ARC = YES;
				CLANG_WARN_BOOL_CONVERSION = YES;
				CLANG_WARN_CONSTANT_CONVERSION = YES;
				CLANG_WARN_DIRECT_OBJC_ISA_USAGE = YES_ERROR;
				CLANG_WARN_EMPTY_BODY = YES;
				CLANG_WARN_ENUM_CONVERSION = YES;
				CLANG_WARN_INT_CONVERSION = YES;
				CLANG_WARN_OBJC_ROOT_CLASS = YES_ERROR;
				CLANG_WARN_UNREACHABLE_CODE = YES;
				CLANG_WARN__DUPLICATE_METHOD_MATCH = YES;
				"CODE_SIGN_IDENTITY[sdk=iphoneos*]" = "iPhone Developer";
				COPY_PHASE_STRIP = YES;
				ENABLE_NS_ASSERTIONS = NO;
				ENABLE_STRICT_OBJC_MSGSEND = YES;
				GCC_C_LANGUAGE_STANDARD = gnu99;
				GCC_WARN_64_TO_32_BIT_CONVERSION = YES;
				GCC_WARN_ABOUT_RETURN_TYPE = YES_ERROR;
				GCC_WARN_UNDECLARED_SELECTOR = YES;
				GCC_WARN_UNINITIALIZED_AUTOS = YES_AGGRESSIVE;
				GCC_WARN_UNUSED_FUNCTION = YES;
				GCC_WARN_UNUSED_VARIABLE = YES;
				IPHONEOS_DEPLOYMENT_TARGET = 8.1;
				MTL_ENABLE_DEBUG_INFO = NO;
				SDKROOT = iphoneos;
				TARGETED_DEVICE_FAMILY = "1,2";
				VALIDATE_PRODUCT = YES;
			};
			name = Release;
		};
		961E6B041ABFA91700F4EF9D /* Debug */ = {
			isa = XCBuildConfiguration;
			buildSettings = {
				ASSETCATALOG_COMPILER_APPICON_NAME = AppIcon;
				CLANG_ENABLE_OBJC_ARC = YES;
				CODE_SIGN_IDENTITY = "iPhone Developer";
				ENABLE_BITCODE = NO;
				FRAMEWORK_SEARCH_PATHS = (
					"$(inherited)",
					"$(PROJECT_DIR)/ExamDemo",
				);
				GCC_PRECOMPILE_PREFIX_HEADER = YES;
				GCC_PREFIX_HEADER = "${TARGET_NAME}/Exam-Prefix.pch";
				INFOPLIST_FILE = ExamDemo/Info.plist;
				IPHONEOS_DEPLOYMENT_TARGET = 8.0;
				LD_RUNPATH_SEARCH_PATHS = "$(inherited) @executable_path/Frameworks";
				PRODUCT_BUNDLE_IDENTIFIER = com.asd.ExamDemo;
				PRODUCT_NAME = "$(TARGET_NAME)";
				PROVISIONING_PROFILE = "8ebf8545-3140-4357-bbaa-eba173791bc9";
				VALID_ARCHS = "arm64 armv7s";
			};
			name = Debug;
		};
		961E6B051ABFA91700F4EF9D /* Release */ = {
			isa = XCBuildConfiguration;
			buildSettings = {
				ASSETCATALOG_COMPILER_APPICON_NAME = AppIcon;
				CLANG_ENABLE_OBJC_ARC = YES;
				CODE_SIGN_IDENTITY = "iPhone Developer";
				ENABLE_BITCODE = NO;
				FRAMEWORK_SEARCH_PATHS = (
					"$(inherited)",
					"$(PROJECT_DIR)/ExamDemo",
				);
				GCC_PRECOMPILE_PREFIX_HEADER = YES;
				GCC_PREFIX_HEADER = "${TARGET_NAME}/Exam-Prefix.pch";
				INFOPLIST_FILE = ExamDemo/Info.plist;
				IPHONEOS_DEPLOYMENT_TARGET = 8.0;
				LD_RUNPATH_SEARCH_PATHS = "$(inherited) @executable_path/Frameworks";
				PRODUCT_BUNDLE_IDENTIFIER = com.asd.ExamDemo;
				PRODUCT_NAME = "$(TARGET_NAME)";
				PROVISIONING_PROFILE = "8ebf8545-3140-4357-bbaa-eba173791bc9";
				VALID_ARCHS = "arm64 armv7s";
			};
			name = Release;
		};
/* End XCBuildConfiguration section */

/* Begin XCConfigurationList section */
		961E6ADB1ABFA91700F4EF9D /* Build configuration list for PBXProject "ExamDemo" */ = {
			isa = XCConfigurationList;
			buildConfigurations = (
				961E6B011ABFA91700F4EF9D /* Debug */,
				961E6B021ABFA91700F4EF9D /* Release */,
			);
			defaultConfigurationIsVisible = 0;
			defaultConfigurationName = Release;
		};
		961E6B031ABFA91700F4EF9D /* Build configuration list for PBXNativeTarget "ExamDemo" */ = {
			isa = XCConfigurationList;
			buildConfigurations = (
				961E6B041ABFA91700F4EF9D /* Debug */,
				961E6B051ABFA91700F4EF9D /* Release */,
			);
			defaultConfigurationIsVisible = 0;
			defaultConfigurationName = Release;
		};
/* End XCConfigurationList section */
	};
	rootObject = 961E6AD81ABFA91700F4EF9D /* Project object */;
}
